dependencies:
  espressif/esp-dsp:
    component_hash: null
    source:
      path: /home/ramon/esp/esp-dsp
      type: local
    version: 1.3.0
  idf:
    component_hash: null
    source:
      type: idf
    version: 4.4.4
manifest_hash: 36ae42afaf256adb75afa16fc90c023df136f2d4456df37652bedf6931af4622
target: esp32
version: 1.0.0
